
Microsoft Visual Studio Solution File, Format Version 12.00
# Visual Studio Version 16
VisualStudioVersion = 16.0.31402.337
MinimumVisualStudioVersion = 10.0.40219.1
Project("{9A19103F-16F7-4668-BE54-9A1E7A4F7556}") = "UI_QuanLyCuaHang", "UI_QuanLyCuaHang\UI_QuanLyCuaHang.csproj", "{CF957E33-3CE9-4E24-8F23-784D594FC1C1}"
EndProject
Global
	GlobalSection(SolutionConfigurationPlatforms) = preSolution
		Debug|Any CPU = Debug|Any CPU
		Release|Any CPU = Release|Any CPU
	EndGlobalSection
	GlobalSection(ProjectConfigurationPlatforms) = postSolution
		{CF957E33-3CE9-4E24-8F23-784D594FC1C1}.Debug|Any CPU.ActiveCfg = Debug|Any CPU
		{CF957E33-3CE9-4E24-8F23-784D594FC1C1}.Debug|Any CPU.Build.0 = Debug|Any CPU
		{CF957E33-3CE9-4E24-8F23-784D594FC1C1}.Release|Any CPU.ActiveCfg = Release|Any CPU
		{CF957E33-3CE9-4E24-8F23-784D594FC1C1}.Release|Any CPU.Build.0 = Release|Any CPU
	EndGlobalSection
	GlobalSection(SolutionProperties) = preSolution
		HideSolutionNode = FALSE
	EndGlobalSection
	GlobalSection(ExtensibilityGlobals) = postSolution
		SolutionGuid = {FBE1D253-4708-4297-97A3-9F27F94918C5}
	EndGlobalSection
EndGlobal
